
Microsoft Visual Studio Solution File, Format Version 12.00
# Visual Studio Version 16
VisualStudioVersion = 16.0.30225.117
MinimumVisualStudioVersion = 10.0.40219.1
Project("{9A19103F-16F7-4668-BE54-9A1E7A4F7556}") = "UserApi", "UserApi.csproj", "{83E7B5B1-E8DE-4BBB-B0E5-11223CEB7B89}"
EndProject
Project("{2150E333-8FDC-42A3-9474-1A3956D46DE8}") = "Common", "Common", "{FBBFDD47-F02E-45D6-97B0-FD6F90620DB4}"
EndProject
Project("{9A19103F-16F7-4668-BE54-9A1E7A4F7556}") = "ApiServices", "..\CommonServices\ApiServices.csproj", "{FD316CA4-A981-4FA0-A92B-BA745E26A090}"
EndProject
Project("{2150E333-8FDC-42A3-9474-1A3956D46DE8}") = "Persistence", "Persistence", "{B849B7E8-048D-4C00-8231-88AC1C7D8009}"
EndProject
Project("{9A19103F-16F7-4668-BE54-9A1E7A4F7556}") = "User.Core", "..\User.Core\User.Core.csproj", "{84604FA3-50B9-4C95-A5C4-AC09B0BC8CFE}"
EndProject
Project("{9A19103F-16F7-4668-BE54-9A1E7A4F7556}") = "Employee.Persistence", "..\Employee.Persistence\Employee.Persistence.csproj", "{46BAB139-72BB-4DE9-B867-37F740A2DE6F}"
EndProject
Global
	GlobalSection(SolutionConfigurationPlatforms) = preSolution
		Debug|Any CPU = Debug|Any CPU
		Debug|iPhone = Debug|iPhone
		Debug|iPhoneSimulator = Debug|iPhoneSimulator
		Release|Any CPU = Release|Any CPU
		Release|iPhone = Release|iPhone
		Release|iPhoneSimulator = Release|iPhoneSimulator
	EndGlobalSection
	GlobalSection(ProjectConfigurationPlatforms) = postSolution
		{83E7B5B1-E8DE-4BBB-B0E5-11223CEB7B89}.Debug|Any CPU.ActiveCfg = Debug|Any CPU
		{83E7B5B1-E8DE-4BBB-B0E5-11223CEB7B89}.Debug|Any CPU.Build.0 = Debug|Any CPU
		{83E7B5B1-E8DE-4BBB-B0E5-11223CEB7B89}.Debug|iPhone.ActiveCfg = Debug|Any CPU
		{83E7B5B1-E8DE-4BBB-B0E5-11223CEB7B89}.Debug|iPhone.Build.0 = Debug|Any CPU
		{83E7B5B1-E8DE-4BBB-B0E5-11223CEB7B89}.Debug|iPhoneSimulator.ActiveCfg = Debug|Any CPU
		{83E7B5B1-E8DE-4BBB-B0E5-11223CEB7B89}.Debug|iPhoneSimulator.Build.0 = Debug|Any CPU
		{83E7B5B1-E8DE-4BBB-B0E5-11223CEB7B89}.Release|Any CPU.ActiveCfg = Release|Any CPU
		{83E7B5B1-E8DE-4BBB-B0E5-11223CEB7B89}.Release|Any CPU.Build.0 = Release|Any CPU
		{83E7B5B1-E8DE-4BBB-B0E5-11223CEB7B89}.Release|iPhone.ActiveCfg = Release|Any CPU
		{83E7B5B1-E8DE-4BBB-B0E5-11223CEB7B89}.Release|iPhone.Build.0 = Release|Any CPU
		{83E7B5B1-E8DE-4BBB-B0E5-11223CEB7B89}.Release|iPhoneSimulator.ActiveCfg = Release|Any CPU
		{83E7B5B1-E8DE-4BBB-B0E5-11223CEB7B89}.Release|iPhoneSimulator.Build.0 = Release|Any CPU
		{FD316CA4-A981-4FA0-A92B-BA745E26A090}.Debug|Any CPU.ActiveCfg = Debug|Any CPU
		{FD316CA4-A981-4FA0-A92B-BA745E26A090}.Debug|Any CPU.Build.0 = Debug|Any CPU
		{FD316CA4-A981-4FA0-A92B-BA745E26A090}.Debug|iPhone.ActiveCfg = Debug|Any CPU
		{FD316CA4-A981-4FA0-A92B-BA745E26A090}.Debug|iPhone.Build.0 = Debug|Any CPU
		{FD316CA4-A981-4FA0-A92B-BA745E26A090}.Debug|iPhoneSimulator.ActiveCfg = Debug|Any CPU
		{FD316CA4-A981-4FA0-A92B-BA745E26A090}.Debug|iPhoneSimulator.Build.0 = Debug|Any CPU
		{FD316CA4-A981-4FA0-A92B-BA745E26A090}.Release|Any CPU.ActiveCfg = Release|Any CPU
		{FD316CA4-A981-4FA0-A92B-BA745E26A090}.Release|Any CPU.Build.0 = Release|Any CPU
		{FD316CA4-A981-4FA0-A92B-BA745E26A090}.Release|iPhone.ActiveCfg = Release|Any CPU
		{FD316CA4-A981-4FA0-A92B-BA745E26A090}.Release|iPhone.Build.0 = Release|Any CPU
		{FD316CA4-A981-4FA0-A92B-BA745E26A090}.Release|iPhoneSimulator.ActiveCfg = Release|Any CPU
		{FD316CA4-A981-4FA0-A92B-BA745E26A090}.Release|iPhoneSimulator.Build.0 = Release|Any CPU
		{84604FA3-50B9-4C95-A5C4-AC09B0BC8CFE}.Debug|Any CPU.ActiveCfg = Debug|Any CPU
		{84604FA3-50B9-4C95-A5C4-AC09B0BC8CFE}.Debug|Any CPU.Build.0 = Debug|Any CPU
		{84604FA3-50B9-4C95-A5C4-AC09B0BC8CFE}.Debug|iPhone.ActiveCfg = Debug|Any CPU
		{84604FA3-50B9-4C95-A5C4-AC09B0BC8CFE}.Debug|iPhone.Build.0 = Debug|Any CPU
		{84604FA3-50B9-4C95-A5C4-AC09B0BC8CFE}.Debug|iPhoneSimulator.ActiveCfg = Debug|Any CPU
		{84604FA3-50B9-4C95-A5C4-AC09B0BC8CFE}.Debug|iPhoneSimulator.Build.0 = Debug|Any CPU
		{84604FA3-50B9-4C95-A5C4-AC09B0BC8CFE}.Release|Any CPU.ActiveCfg = Release|Any CPU
		{84604FA3-50B9-4C95-A5C4-AC09B0BC8CFE}.Release|Any CPU.Build.0 = Release|Any CPU
		{84604FA3-50B9-4C95-A5C4-AC09B0BC8CFE}.Release|iPhone.ActiveCfg = Release|Any CPU
		{84604FA3-50B9-4C95-A5C4-AC09B0BC8CFE}.Release|iPhone.Build.0 = Release|Any CPU
		{84604FA3-50B9-4C95-A5C4-AC09B0BC8CFE}.Release|iPhoneSimulator.ActiveCfg = Release|Any CPU
		{84604FA3-50B9-4C95-A5C4-AC09B0BC8CFE}.Release|iPhoneSimulator.Build.0 = Release|Any CPU
		{46BAB139-72BB-4DE9-B867-37F740A2DE6F}.Debug|Any CPU.ActiveCfg = Debug|Any CPU
		{46BAB139-72BB-4DE9-B867-37F740A2DE6F}.Debug|Any CPU.Build.0 = Debug|Any CPU
		{46BAB139-72BB-4DE9-B867-37F740A2DE6F}.Debug|iPhone.ActiveCfg = Debug|Any CPU
		{46BAB139-72BB-4DE9-B867-37F740A2DE6F}.Debug|iPhone.Build.0 = Debug|Any CPU
		{46BAB139-72BB-4DE9-B867-37F740A2DE6F}.Debug|iPhoneSimulator.ActiveCfg = Debug|Any CPU
		{46BAB139-72BB-4DE9-B867-37F740A2DE6F}.Debug|iPhoneSimulator.Build.0 = Debug|Any CPU
		{46BAB139-72BB-4DE9-B867-37F740A2DE6F}.Release|Any CPU.ActiveCfg = Release|Any CPU
		{46BAB139-72BB-4DE9-B867-37F740A2DE6F}.Release|Any CPU.Build.0 = Release|Any CPU
		{46BAB139-72BB-4DE9-B867-37F740A2DE6F}.Release|iPhone.ActiveCfg = Release|Any CPU
		{46BAB139-72BB-4DE9-B867-37F740A2DE6F}.Release|iPhone.Build.0 = Release|Any CPU
		{46BAB139-72BB-4DE9-B867-37F740A2DE6F}.Release|iPhoneSimulator.ActiveCfg = Release|Any CPU
		{46BAB139-72BB-4DE9-B867-37F740A2DE6F}.Release|iPhoneSimulator.Build.0 = Release|Any CPU
	EndGlobalSection
	GlobalSection(SolutionProperties) = preSolution
		HideSolutionNode = FALSE
	EndGlobalSection
	GlobalSection(NestedProjects) = preSolution
		{FD316CA4-A981-4FA0-A92B-BA745E26A090} = {FBBFDD47-F02E-45D6-97B0-FD6F90620DB4}
		{84604FA3-50B9-4C95-A5C4-AC09B0BC8CFE} = {FBBFDD47-F02E-45D6-97B0-FD6F90620DB4}
		{46BAB139-72BB-4DE9-B867-37F740A2DE6F} = {B849B7E8-048D-4C00-8231-88AC1C7D8009}
	EndGlobalSection
	GlobalSection(ExtensibilityGlobals) = postSolution
		SolutionGuid = {601D4C61-B6E6-4296-90A2-DA4D3F71D90E}
	EndGlobalSection
EndGlobal
